
Microsoft Visual Studio Solution File, Format Version 12.00
# Visual Studio Version 17
VisualStudioVersion = 17.9.34902.65
MinimumVisualStudioVersion = 10.0.40219.1
Project("{9A19103F-16F7-4668-BE54-9A1E7A4F7556}") = "nodemon", "nodemon\nodemon.csproj", "{3D2311F9-53A2-4F37-871B-139F054476D3}"
EndProject
Project("{9A19103F-16F7-4668-BE54-9A1E7A4F7556}") = "tait-ccdi", "..\..\..\..\source\repos\tait-ccdi\tait-ccdi\tait-ccdi.csproj", "{0A77CD34-045A-42E5-81AD-BF742A2A22E6}"
EndProject
Global
	GlobalSection(SolutionConfigurationPlatforms) = preSolution
		Debug|Any CPU = Debug|Any CPU
		Release|Any CPU = Release|Any CPU
	EndGlobalSection
	GlobalSection(ProjectConfigurationPlatforms) = postSolution
		{3D2311F9-53A2-4F37-871B-139F054476D3}.Debug|Any CPU.ActiveCfg = Debug|Any CPU
		{3D2311F9-53A2-4F37-871B-139F054476D3}.Debug|Any CPU.Build.0 = Debug|Any CPU
		{3D2311F9-53A2-4F37-871B-139F054476D3}.Release|Any CPU.ActiveCfg = Release|Any CPU
		{3D2311F9-53A2-4F37-871B-139F054476D3}.Release|Any CPU.Build.0 = Release|Any CPU
		{0A77CD34-045A-42E5-81AD-BF742A2A22E6}.Debug|Any CPU.ActiveCfg = Debug|Any CPU
		{0A77CD34-045A-42E5-81AD-BF742A2A22E6}.Debug|Any CPU.Build.0 = Debug|Any CPU
		{0A77CD34-045A-42E5-81AD-BF742A2A22E6}.Release|Any CPU.ActiveCfg = Release|Any CPU
		{0A77CD34-045A-42E5-81AD-BF742A2A22E6}.Release|Any CPU.Build.0 = Release|Any CPU
	EndGlobalSection
	GlobalSection(SolutionProperties) = preSolution
		HideSolutionNode = FALSE
	EndGlobalSection
	GlobalSection(ExtensibilityGlobals) = postSolution
		SolutionGuid = {DDAAD08A-376E-4559-8B63-05A3811059FE}
	EndGlobalSection
EndGlobal
